
Microsoft Visual Studio Solution File, Format Version 12.00
# Visual Studio Version 17
VisualStudioVersion = 17.9.34622.214
MinimumVisualStudioVersion = 10.0.40219.1
Project("{9A19103F-16F7-4668-BE54-9A1E7A4F7556}") = "ConsoleApp_ITTools", "ConsoleApp_ITTools\ConsoleApp_ITTools.csproj", "{C20ED741-182E-4FE1-8567-BEEBD0FAF372}"
EndProject
Project("{9A19103F-16F7-4668-BE54-9A1E7A4F7556}") = "WinFormsApp_ITTools", "WinFormsApp_ITTools\WinFormsApp_ITTools.csproj", "{A130EA34-F410-43FA-9AC0-30EDEE912F58}"
EndProject
Project("{9A19103F-16F7-4668-BE54-9A1E7A4F7556}") = "ClassLibrary_ITTools", "ClassLibrary_ITTools\ClassLibrary_ITTools.csproj", "{216B35FD-70B9-461A-8450-2035EB75753F}"
EndProject
Project("{FAE04EC0-301F-11D3-BF4B-00C04F79EFBC}") = "ConsoleApp_ITTools2", "ConsoleApp_ITTools2\ConsoleApp_ITTools2.csproj", "{DBA8E395-F335-44FC-A527-D1CB0EA45360}"
EndProject
Project("{FAE04EC0-301F-11D3-BF4B-00C04F79EFBC}") = "WinFormsApp_ITTools_TaskKill", "WinFormsApp_ITTools_TaskKill\WinFormsApp_ITTools_TaskKill.csproj", "{2AD8D2BD-F869-49F9-9C69-511ED8A5F4B6}"
EndProject
Global
	GlobalSection(SolutionConfigurationPlatforms) = preSolution
		Debug|Any CPU = Debug|Any CPU
		Release|Any CPU = Release|Any CPU
	EndGlobalSection
	GlobalSection(ProjectConfigurationPlatforms) = postSolution
		{C20ED741-182E-4FE1-8567-BEEBD0FAF372}.Debug|Any CPU.ActiveCfg = Debug|Any CPU
		{C20ED741-182E-4FE1-8567-BEEBD0FAF372}.Debug|Any CPU.Build.0 = Debug|Any CPU
		{C20ED741-182E-4FE1-8567-BEEBD0FAF372}.Release|Any CPU.ActiveCfg = Release|Any CPU
		{C20ED741-182E-4FE1-8567-BEEBD0FAF372}.Release|Any CPU.Build.0 = Release|Any CPU
		{A130EA34-F410-43FA-9AC0-30EDEE912F58}.Debug|Any CPU.ActiveCfg = Debug|Any CPU
		{A130EA34-F410-43FA-9AC0-30EDEE912F58}.Debug|Any CPU.Build.0 = Debug|Any CPU
		{A130EA34-F410-43FA-9AC0-30EDEE912F58}.Release|Any CPU.ActiveCfg = Release|Any CPU
		{A130EA34-F410-43FA-9AC0-30EDEE912F58}.Release|Any CPU.Build.0 = Release|Any CPU
		{216B35FD-70B9-461A-8450-2035EB75753F}.Debug|Any CPU.ActiveCfg = Debug|Any CPU
		{216B35FD-70B9-461A-8450-2035EB75753F}.Debug|Any CPU.Build.0 = Debug|Any CPU
		{216B35FD-70B9-461A-8450-2035EB75753F}.Release|Any CPU.ActiveCfg = Release|Any CPU
		{216B35FD-70B9-461A-8450-2035EB75753F}.Release|Any CPU.Build.0 = Release|Any CPU
		{DBA8E395-F335-44FC-A527-D1CB0EA45360}.Debug|Any CPU.ActiveCfg = Debug|Any CPU
		{DBA8E395-F335-44FC-A527-D1CB0EA45360}.Debug|Any CPU.Build.0 = Debug|Any CPU
		{DBA8E395-F335-44FC-A527-D1CB0EA45360}.Release|Any CPU.ActiveCfg = Release|Any CPU
		{DBA8E395-F335-44FC-A527-D1CB0EA45360}.Release|Any CPU.Build.0 = Release|Any CPU
		{2AD8D2BD-F869-49F9-9C69-511ED8A5F4B6}.Debug|Any CPU.ActiveCfg = Debug|Any CPU
		{2AD8D2BD-F869-49F9-9C69-511ED8A5F4B6}.Debug|Any CPU.Build.0 = Debug|Any CPU
		{2AD8D2BD-F869-49F9-9C69-511ED8A5F4B6}.Release|Any CPU.ActiveCfg = Release|Any CPU
		{2AD8D2BD-F869-49F9-9C69-511ED8A5F4B6}.Release|Any CPU.Build.0 = Release|Any CPU
	EndGlobalSection
	GlobalSection(SolutionProperties) = preSolution
		HideSolutionNode = FALSE
	EndGlobalSection
	GlobalSection(ExtensibilityGlobals) = postSolution
		SolutionGuid = {31831BD2-23C5-403B-9ACA-98E6B831CCBF}
	EndGlobalSection
EndGlobal
